
Microsoft Visual Studio Solution File, Format Version 12.00
# Visual Studio Version 16
VisualStudioVersion = 16.0.29509.3
MinimumVisualStudioVersion = 10.0.40219.1
Project("{FAE04EC0-301F-11D3-BF4B-00C04F79EFBC}") = "Sacrament", "Sacrament.csproj", "{1F0BA3DF-6E9D-4920-8213-65D2C4C256AC}"
EndProject
Global
	GlobalSection(SolutionConfigurationPlatforms) = preSolution
		Debug|Any CPU = Debug|Any CPU
		Release|Any CPU = Release|Any CPU
	EndGlobalSection
	GlobalSection(ProjectConfigurationPlatforms) = postSolution
		{1F0BA3DF-6E9D-4920-8213-65D2C4C256AC}.Debug|Any CPU.ActiveCfg = Debug|Any CPU
		{1F0BA3DF-6E9D-4920-8213-65D2C4C256AC}.Debug|Any CPU.Build.0 = Debug|Any CPU
		{1F0BA3DF-6E9D-4920-8213-65D2C4C256AC}.Release|Any CPU.ActiveCfg = Release|Any CPU
		{1F0BA3DF-6E9D-4920-8213-65D2C4C256AC}.Release|Any CPU.Build.0 = Release|Any CPU
	EndGlobalSection
	GlobalSection(SolutionProperties) = preSolution
		HideSolutionNode = FALSE
	EndGlobalSection
	GlobalSection(ExtensibilityGlobals) = postSolution
		SolutionGuid = {FD4D86E8-DB27-4298-8763-F5709420D946}
	EndGlobalSection
EndGlobal
